<?xml version="1.0" encoding="UTF-8" standalone="yes" ?>
<CodeBlocks_project_file>
	<FileVersion major="1" minor="6" />
	<Project>
		<Option title="Guasap" />
		<Option pch_mode="2" />
		<Option compiler="gcc" />
		<Build>
			<Target title="Debug">
				<Option output="bin/Debug/Guasap" prefix_auto="1" extension_auto="1" />
				<Option object_output="obj/Debug/" />
				<Option type="1" />
				<Option compiler="gcc" />
				<Compiler>
					<Add option="-g" />
					<Add directory="include" />
				</Compiler>
			</Target>
			<Target title="Release">
				<Option output="bin/Release/Guasap" prefix_auto="1" extension_auto="1" />
				<Option object_output="obj/Release/" />
				<Option type="1" />
				<Option compiler="gcc" />
				<Compiler>
					<Add option="-O2" />
					<Add directory="include" />
				</Compiler>
				<Linker>
					<Add option="-s" />
				</Linker>
			</Target>
		</Build>
		<Compiler>
			<Add option="-Wall" />
			<Add option="-fexceptions" />
		</Compiler>
		<Unit filename="include/Conversacion.h" />
		<Unit filename="include/ConversacionController.h" />
		<Unit filename="include/ConversacionFactory.h" />
		<Unit filename="include/DtContacto.h" />
		<Unit filename="include/DtConversacion.h" />
		<Unit filename="include/DtGrupo.h" />
		<Unit filename="include/DtImagen.h" />
		<Unit filename="include/DtMensaje.h" />
		<Unit filename="include/DtParticipante.h" />
		<Unit filename="include/DtPrivada.h" />
		<Unit filename="include/DtReceptor.h" />
		<Unit filename="include/DtSimple.h" />
		<Unit filename="include/DtTarjetaContacto.h" />
		<Unit filename="include/DtVideo.h" />
		<Unit filename="include/Estado.h" />
		<Unit filename="include/EstadoConversacion.h" />
		<Unit filename="include/EstadoIngreso.h" />
		<Unit filename="include/Fecha.h" />
		<Unit filename="include/FechaHora.h" />
		<Unit filename="include/Grupo.h" />
		<Unit filename="include/IConversacionController.h" />
		<Unit filename="include/IMensajeController.h" />
		<Unit filename="include/IUsuarioController.h" />
		<Unit filename="include/Imagen.h" />
		<Unit filename="include/ManejadorMensaje.h" />
		<Unit filename="include/ManejadorUsuario.h" />
		<Unit filename="include/ManejadorUsuarioConversacion.h" />
		<Unit filename="include/Mensaje.h" />
		<Unit filename="include/MensajeController.h" />
		<Unit filename="include/MensajeFactory.h" />
		<Unit filename="include/Multimedia.h" />
		<Unit filename="include/Privada.h" />
		<Unit filename="include/Sesion.h" />
		<Unit filename="include/Simple.h" />
		<Unit filename="include/TarjetaContacto.h" />
		<Unit filename="include/Usuario.h" />
		<Unit filename="include/UsuarioController.h" />
		<Unit filename="include/UsuarioConversacion.h" />
		<Unit filename="include/UsuarioFactory.h" />
		<Unit filename="include/UsuarioMensaje.h" />
		<Unit filename="include/Video.h" />
		<Unit filename="main.cpp" />
		<Unit filename="src/Conversacion.cpp" />
		<Unit filename="src/ConversacionController.cpp" />
		<Unit filename="src/ConversacionFactory.cpp" />
		<Unit filename="src/DtContacto.cpp" />
		<Unit filename="src/DtConversacion.cpp" />
		<Unit filename="src/DtGrupo.cpp" />
		<Unit filename="src/DtImagen.cpp" />
		<Unit filename="src/DtMensaje.cpp" />
		<Unit filename="src/DtParticipante.cpp" />
		<Unit filename="src/DtPrivada.cpp" />
		<Unit filename="src/DtReceptor.cpp" />
		<Unit filename="src/DtSimple.cpp" />
		<Unit filename="src/DtTarjetaContacto.cpp" />
		<Unit filename="src/DtVideo.cpp" />
		<Unit filename="src/Estado.cpp" />
		<Unit filename="src/Fecha.cpp" />
		<Unit filename="src/FechaHora.cpp" />
		<Unit filename="src/ManejadorMensaje.cpp" />
		<Unit filename="src/ManejadorUsuario.cpp" />
		<Unit filename="src/ManejadorUsuarioConversacion.cpp" />
		<Unit filename="src/Mensaje.cpp" />
		<Unit filename="src/MensajeController.cpp" />
		<Unit filename="src/MensajeFactory.cpp" />
		<Unit filename="src/Sesion.cpp" />
		<Unit filename="src/Simple.cpp" />
		<Unit filename="src/TarjetaContacto.cpp" />
		<Unit filename="src/Usuario.cpp" />
		<Unit filename="src/UsuarioController.cpp" />
		<Unit filename="src/UsuarioConversacion.cpp" />
		<Unit filename="src/UsuarioFactory.cpp" />
		<Unit filename="src/UsuarioMensaje.cpp" />
		<Extensions>
			<code_completion />
			<debugger />
			<envvars />
		</Extensions>
	</Project>
</CodeBlocks_project_file>
